{
  "name": "localtest",
  "version": "1.0.0",
  "lockfileVersion": 3,
  "requires": true,
  "packages": {
    "": {
      "name": "localtest",
      "version": "1.0.0",
      "license": "ISC",
      "dependencies": {
        "typescript": "^4.9.5",
        "ws": "^8.12.1"
      },
      "devDependencies": {
        "@types/node": "^18.14.0",
        "@types/ws": "^8.5.4",
        "node-ansiparser": "^2.2.1"
      }
    },
    "node_modules/@types/node": {
      "version": "18.14.0",
      "resolved": "https://registry.npmjs.org/@types/node/-/node-18.14.0.tgz",
      "integrity": "sha512-5EWrvLmglK+imbCJY0+INViFWUHg1AHel1sq4ZVSfdcNqGy9Edv3UB9IIzzg+xPaUcAgZYcfVs2fBcwDeZzU0A==",
      "dev": true
    },
    "node_modules/@types/ws": {
      "version": "8.5.4",
      "resolved": "https://registry.npmjs.org/@types/ws/-/ws-8.5.4.tgz",
      "integrity": "sha512-zdQDHKUgcX/zBc4GrwsE/7dVdAD8JR4EuiAXiiUhhfyIJXXb2+PrGshFyeXWQPMmmZ2XxgaqclgpIC7eTXc1mg==",
      "dev": true,
      "dependencies": {
        "@types/node": "*"
      }
    },
    "node_modules/node-ansiparser": {
      "version": "2.2.1",
      "resolved": "https://registry.npmjs.org/node-ansiparser/-/node-ansiparser-2.2.1.tgz",
      "integrity": "sha512-SDYSqbXJcCj4YzLkE7mcjNUm4XfSAhJdMZPzNN91tSaIxC5OfyNBCLbLCEMzE7d7YrtjSSMXTR6NEl1ldJYSZg==",
      "dev": true
    },
    "node_modules/typescript": {
      "version": "4.9.5",
      "resolved": "https://registry.npmjs.org/typescript/-/typescript-4.9.5.tgz",
      "integrity": "sha512-1FXk9E2Hm+QzZQ7z+McJiHL4NW1F2EzMu9Nq9i3zAaGqibafqYwCVU6WyWAuyQRRzOlxou8xZSyXLEN8oKj24g==",
      "bin": {
        "tsc": "bin/tsc",
        "tsserver": "bin/tsserver"
      },
      "engines": {
        "node": ">=4.2.0"
      }
    },
    "node_modules/ws": {
      "version": "8.12.1",
      "resolved": "https://registry.npmjs.org/ws/-/ws-8.12.1.tgz",
      "integrity": "sha512-1qo+M9Ba+xNhPB+YTWUlK6M17brTut5EXbcBaMRN5pH5dFrXz7lzz1ChFSUq3bOUl8yEvSenhHmYUNJxFzdJew==",
      "engines": {
        "node": ">=10.0.0"
      },
      "peerDependencies": {
        "bufferutil": "^4.0.1",
        "utf-8-validate": ">=5.0.2"
      },
      "peerDependenciesMeta": {
        "bufferutil": {
          "optional": true
        },
        "utf-8-validate": {
          "optional": true
        }
      }
    }
  }
}
